version = 1
revision = 1
requires-python = ">=3.10"

[[package]]
name = "cellml-to-fc"
version = "0.1.0"
source = { virtual = "." }
dependencies = [
    { name = "libcellml" },
    { name = "rdflib" },
]

[package.metadata]
requires-dist = [
    { name = "libcellml", specifier = ">=0.6.3" },
    { name = "rdflib", specifier = ">=7.1.4" },
]

[[package]]
name = "isodate"
version = "0.7.2"
source = { registry = "https://pypi.org/simple" }
sdist = { url = "https://files.pythonhosted.org/packages/54/4d/e940025e2ce31a8ce1202635910747e5a87cc3a6a6bb2d00973375014749/isodate-0.7.2.tar.gz", hash = "sha256:4cd1aa0f43ca76f4a6c6c0292a85f40b35ec2e43e315b59f06e6d32171a953e6", size = 29705 }
wheels = [
    { url = "https://files.pythonhosted.org/packages/15/aa/0aca39a37d3c7eb941ba736ede56d689e7be91cab5d9ca846bde3999eba6/isodate-0.7.2-py3-none-any.whl", hash = "sha256:28009937d8031054830160fce6d409ed342816b543597cece116d966c6d99e15", size = 22320 },
]

[[package]]
name = "libcellml"
version = "0.6.3"
source = { registry = "https://pypi.org/simple" }
wheels = [
    { url = "https://files.pythonhosted.org/packages/ca/f9/0a904e09dd106c15cb42cf49c8c5db2af298f94aafb26b8db4fd4d323b4a/libcellml-0.6.3-cp310-cp310-macosx_11_0_arm64.whl", hash = "sha256:c684fb0824b1928cd5c878783d6edda99b92f2c52bc92d6aeb8f97e7c92b8124", size = 1736370 },
    { url = "https://files.pythonhosted.org/packages/b0/af/6cefd35759ab1bd8fafc568d1ae193b29347588dd88bdd0758d4f122edc6/libcellml-0.6.3-cp310-cp310-macosx_11_0_x86_64.whl", hash = "sha256:11a5e423126e17a491ae80aa2236f908b6e8936e455271dda75757df79859bf5", size = 1814239 },
    { url = "https://files.pythonhosted.org/packages/d4/af/686650bab96e95eb042c54a17d99bbf5a6a923949a8439f1cb854daa700c/libcellml-0.6.3-cp310-cp310-manylinux_2_17_x86_64.whl", hash = "sha256:01ac22ed5b66084ea440bbbc598823cd3afcc17a339e411f405195c16e0f191c", size = 2188229 },
    { url = "https://files.pythonhosted.org/packages/dc/8d/a29c340c51183cb93aa1bcb5e601650dfa096debb21d4fba53923c4d4b33/libcellml-0.6.3-cp310-cp310-musllinux_1_2_x86_64.whl", hash = "sha256:1a252ea785777a377cbcdd2c4a1b68b97f44f51504510e596bf6dd13dfea9e3f", size = 2167982 },
    { url = "https://files.pythonhosted.org/packages/d7/5a/9c46ec708caf0da1540bb27dc2f3504e78a59f6cbe062d43b52252c79fee/libcellml-0.6.3-cp310-cp310-win_amd64.whl", hash = "sha256:aeb3771cdc5f144dfe89b854c8c9212536556eb8577efb3ed7ce78790b7449cc", size = 2333509 },
    { url = "https://files.pythonhosted.org/packages/30/c6/4afa1355be063397776978372554235688501ec72f66ed327151bc7bee12/libcellml-0.6.3-cp311-cp311-macosx_11_0_arm64.whl", hash = "sha256:e3948c7fea5470e300e9593dc43cbbc8face4bd2978022e0d1e9ac4fd4dfb712", size = 1736370 },
    { url = "https://files.pythonhosted.org/packages/5f/24/d86350b0ed570f2c54f15cfccd31c4287a5cdcc049ce2454c4e9584a6b7b/libcellml-0.6.3-cp311-cp311-macosx_11_0_x86_64.whl", hash = "sha256:17a27d6b56ecc33fddaf7d0009bd78630b95def683f77cd620d34f9fb9bbdf7b", size = 1814267 },
    { url = "https://files.pythonhosted.org/packages/d6/f7/18fb69bc581c3515b27f8288b75c850ee997c8a2aaba93a043c6673926bc/libcellml-0.6.3-cp311-cp311-manylinux_2_17_x86_64.whl", hash = "sha256:2c85244b86c4e471f55ae0b3d632fa22e504e8ec44e61fa42de97e6b2fcc1ba0", size = 2188491 },
    { url = "https://files.pythonhosted.org/packages/a8/73/19e2c473fd7935dcd797d578ecbc74c552d5f14e50f90529b28135d65f9e/libcellml-0.6.3-cp311-cp311-musllinux_1_2_x86_64.whl", hash = "sha256:16993091b7853512d818f95456909ec12bf287b86803d977e63a77a2cd0222ce", size = 2168094 },
    { url = "https://files.pythonhosted.org/packages/ab/27/34291d6b902ca43d3537b6ff0eb9d9b4821017311d858fb254630603d3fc/libcellml-0.6.3-cp311-cp311-win_amd64.whl", hash = "sha256:584ab89b65e27db536500991c9895dc2b995b9b53623ed1543261f9fbc5bcaea", size = 2333638 },
    { url = "https://files.pythonhosted.org/packages/e5/f5/b4af121207386a87a999991069a533b452f8be27d2e6e872d0b793bd2068/libcellml-0.6.3-cp312-cp312-macosx_11_0_arm64.whl", hash = "sha256:9e657ae9c2bba32d728b4dfad30e0c35c484690b7a427ce82031cdadf64ea566", size = 1735695 },
    { url = "https://files.pythonhosted.org/packages/d8/b2/47cd63a421d50ff82cc8f09435834976b9b81866d4b5a9d456513d80b628/libcellml-0.6.3-cp312-cp312-macosx_11_0_x86_64.whl", hash = "sha256:52fb98bf981e6b7eb404d08acdc576b04e1bb921945a85f509594114cfcab8c4", size = 1813739 },
    { url = "https://files.pythonhosted.org/packages/c7/b5/5e41a7d3c05162157fd539c3db1912d1070fc3dccee286fc9b347fa68957/libcellml-0.6.3-cp312-cp312-manylinux_2_17_x86_64.whl", hash = "sha256:a806974c36cd027de2da4216671f5758d79b62825af9213f27520167622374b5", size = 2191466 },
    { url = "https://files.pythonhosted.org/packages/5f/91/cccbcd8cbee9322ce745bf2e2f1aa691e7e50535e51afb165680fb0cafe6/libcellml-0.6.3-cp312-cp312-musllinux_1_2_x86_64.whl", hash = "sha256:423b15267fcf5857d40c263d8fe74155405b1693fd106b9a934e7772a3391229", size = 2173134 },
    { url = "https://files.pythonhosted.org/packages/36/d4/075df6551adda7a0967a840483bf6b6f838f9bd591a92c50f17216145029/libcellml-0.6.3-cp312-cp312-win_amd64.whl", hash = "sha256:63f19505c9aa8b0d2d5a013e4130838cf610f965ec406cc7bdddfa00083b7272", size = 2339543 },
    { url = "https://files.pythonhosted.org/packages/4f/c9/a780230f7c098e5b0d663db15763a426c4f11a4fe3dd48e1684e575ec198/libcellml-0.6.3-cp313-cp313-macosx_11_0_arm64.whl", hash = "sha256:17926629b5b7aed0fa8d05a3ee86defe7a4595d7d28389b754eb9261830a6478", size = 1739613 },
    { url = "https://files.pythonhosted.org/packages/6b/b8/da4182775f850ca6842fdf13149fd231a681c0525836e964029029a10853/libcellml-0.6.3-cp313-cp313-macosx_11_0_x86_64.whl", hash = "sha256:c12d5270cef4e08dfb95360052be2941b9a5326e68dad08ad00a40f5e2f98ffe", size = 1823133 },
    { url = "https://files.pythonhosted.org/packages/5b/6a/2a2d27203e8d030a4199ddb4ce4311043d47b5fcc24e27e813db4ece9fea/libcellml-0.6.3-cp313-cp313-manylinux_2_17_x86_64.whl", hash = "sha256:88d773125220a9bbe36fff6457ce08357170cbdcf2c2851c4c8ca12248a09f8e", size = 2191761 },
    { url = "https://files.pythonhosted.org/packages/58/e6/869c1059cdfae88c1a585d782fd55ef5b289f5456fc1923e08c39ee35b70/libcellml-0.6.3-cp313-cp313-musllinux_1_2_x86_64.whl", hash = "sha256:a33af039684806eb1ae508999779321bba48671a1d89b97911df1e41b0345ddc", size = 2173418 },
    { url = "https://files.pythonhosted.org/packages/42/00/791a2710e96c1d936c0b90b4208ee762afe9e9c51e1d9cf3b0a8bda56134/libcellml-0.6.3-cp313-cp313-win_amd64.whl", hash = "sha256:325137eb1bba662dc44e771ef1aa55f1e350001221d8a1e10213177db0b359a7", size = 2339884 },
]

[[package]]
name = "pyparsing"
version = "3.2.3"
source = { registry = "https://pypi.org/simple" }
sdist = { url = "https://files.pythonhosted.org/packages/bb/22/f1129e69d94ffff626bdb5c835506b3a5b4f3d070f17ea295e12c2c6f60f/pyparsing-3.2.3.tar.gz", hash = "sha256:b9c13f1ab8b3b542f72e28f634bad4de758ab3ce4546e4301970ad6fa77c38be", size = 1088608 }
wheels = [
    { url = "https://files.pythonhosted.org/packages/05/e7/df2285f3d08fee213f2d041540fa4fc9ca6c2d44cf36d3a035bf2a8d2bcc/pyparsing-3.2.3-py3-none-any.whl", hash = "sha256:a749938e02d6fd0b59b356ca504a24982314bb090c383e3cf201c95ef7e2bfcf", size = 111120 },
]

[[package]]
name = "rdflib"
version = "7.1.4"
source = { registry = "https://pypi.org/simple" }
dependencies = [
    { name = "isodate", marker = "python_full_version < '3.11'" },
    { name = "pyparsing" },
]
sdist = { url = "https://files.pythonhosted.org/packages/e8/7e/cb2d74466bd8495051ebe2d241b1cb1d4acf9740d481126aef19ef2697f5/rdflib-7.1.4.tar.gz", hash = "sha256:fed46e24f26a788e2ab8e445f7077f00edcf95abb73bcef4b86cefa8b62dd174", size = 4692745 }
wheels = [
    { url = "https://files.pythonhosted.org/packages/f4/31/e9b6f04288dcd3fa60cb3179260d6dad81b92aef3063d679ac7d80a827ea/rdflib-7.1.4-py3-none-any.whl", hash = "sha256:72f4adb1990fa5241abd22ddaf36d7cafa5d91d9ff2ba13f3086d339b213d997", size = 565051 },
]
